
Microsoft Visual Studio Solution File, Format Version 12.00
# Visual Studio Version 16
VisualStudioVersion = 16.0.29519.181
MinimumVisualStudioVersion = 10.0.40219.1
Project("{2150E333-8FDC-42A3-9474-1A3956D46DE8}") = "test", "test", "{7787850C-25E0-464A-B731-F66AB611089C}"
EndProject
Project("{2150E333-8FDC-42A3-9474-1A3956D46DE8}") = "benchmark", "benchmark", "{C7991F4C-4DB3-41A8-85B0-727191F08E58}"
EndProject
Project("{9A19103F-16F7-4668-BE54-9A1E7A4F7556}") = "TestClient", "test\TestClient\TestClient.csproj", "{89D9B351-BE25-47E3-B98D-13225499AF9F}"
EndProject
Project("{2150E333-8FDC-42A3-9474-1A3956D46DE8}") = "src", "src", "{0D42394F-BD63-4069-A09A-C29F7FD6463C}"
EndProject
Project("{9A19103F-16F7-4668-BE54-9A1E7A4F7556}") = "K9Nano.Logging", "src\K9Nano.Logging\K9Nano.Logging.csproj", "{710597FA-E586-44D1-9A6A-46605C28F31A}"
EndProject
Project("{9A19103F-16F7-4668-BE54-9A1E7A4F7556}") = "K9Nano.Logging.Web", "src\K9Nano.Logging.Web\K9Nano.Logging.Web.csproj", "{9B19E312-BC01-4B25-8850-40DBFD046FEF}"
EndProject
Project("{9A19103F-16F7-4668-BE54-9A1E7A4F7556}") = "Serilog.Sinks.Netty", "src\Serilog.Sinks.Netty\Serilog.Sinks.Netty.csproj", "{A2DA59BA-B953-42B9-8CD4-381D30A61B43}"
EndProject
Project("{2150E333-8FDC-42A3-9474-1A3956D46DE8}") = "samples", "samples", "{B68A9C0B-DC9E-4879-BA33-9C508973B21C}"
EndProject
Project("{9A19103F-16F7-4668-BE54-9A1E7A4F7556}") = "AspNetCoreSample", "samples\AspNetCoreSample\AspNetCoreSample.csproj", "{6A41EC89-3F62-46A4-96A2-98FFC5BC1975}"
EndProject
Project("{9A19103F-16F7-4668-BE54-9A1E7A4F7556}") = "K9Nano.Logging.Store", "src\K9Nano.Logging.Store\K9Nano.Logging.Store.csproj", "{0932A80E-4613-40B9-95F7-44175B1D12B8}"
EndProject
Project("{9A19103F-16F7-4668-BE54-9A1E7A4F7556}") = "K9Nano.Logging.Store.Sqlite", "src\K9Nano.Logging.Store.Sqlite\K9Nano.Logging.Store.Sqlite.csproj", "{70C8C9C1-A1A0-4D00-A4CC-440B5F8162FB}"
EndProject
Project("{2150E333-8FDC-42A3-9474-1A3956D46DE8}") = "Solution Items", "Solution Items", "{EC9FCE63-01D7-4B73-8C84-C38D7584C4E7}"
	ProjectSection(SolutionItems) = preProject
		README.md = README.md
	EndProjectSection
EndProject
Project("{2150E333-8FDC-42A3-9474-1A3956D46DE8}") = "proto", "proto", "{48B544E1-CBDE-4D24-827F-5D1EEBB07004}"
	ProjectSection(SolutionItems) = preProject
		proto\log.proto = proto\log.proto
	EndProjectSection
EndProject
Project("{FAE04EC0-301F-11D3-BF4B-00C04F79EFBC}") = "ConsoleSample", "samples\ConsoleSample\ConsoleSample.csproj", "{DB6DCC35-20AB-4433-8808-5958C6C90B6A}"
EndProject
Global
	GlobalSection(SolutionConfigurationPlatforms) = preSolution
		Debug|Any CPU = Debug|Any CPU
		Release|Any CPU = Release|Any CPU
	EndGlobalSection
	GlobalSection(ProjectConfigurationPlatforms) = postSolution
		{89D9B351-BE25-47E3-B98D-13225499AF9F}.Debug|Any CPU.ActiveCfg = Debug|Any CPU
		{89D9B351-BE25-47E3-B98D-13225499AF9F}.Debug|Any CPU.Build.0 = Debug|Any CPU
		{89D9B351-BE25-47E3-B98D-13225499AF9F}.Release|Any CPU.ActiveCfg = Release|Any CPU
		{89D9B351-BE25-47E3-B98D-13225499AF9F}.Release|Any CPU.Build.0 = Release|Any CPU
		{710597FA-E586-44D1-9A6A-46605C28F31A}.Debug|Any CPU.ActiveCfg = Debug|Any CPU
		{710597FA-E586-44D1-9A6A-46605C28F31A}.Debug|Any CPU.Build.0 = Debug|Any CPU
		{710597FA-E586-44D1-9A6A-46605C28F31A}.Release|Any CPU.ActiveCfg = Release|Any CPU
		{710597FA-E586-44D1-9A6A-46605C28F31A}.Release|Any CPU.Build.0 = Release|Any CPU
		{9B19E312-BC01-4B25-8850-40DBFD046FEF}.Debug|Any CPU.ActiveCfg = Debug|Any CPU
		{9B19E312-BC01-4B25-8850-40DBFD046FEF}.Debug|Any CPU.Build.0 = Debug|Any CPU
		{9B19E312-BC01-4B25-8850-40DBFD046FEF}.Release|Any CPU.ActiveCfg = Release|Any CPU
		{9B19E312-BC01-4B25-8850-40DBFD046FEF}.Release|Any CPU.Build.0 = Release|Any CPU
		{A2DA59BA-B953-42B9-8CD4-381D30A61B43}.Debug|Any CPU.ActiveCfg = Debug|Any CPU
		{A2DA59BA-B953-42B9-8CD4-381D30A61B43}.Debug|Any CPU.Build.0 = Debug|Any CPU
		{A2DA59BA-B953-42B9-8CD4-381D30A61B43}.Release|Any CPU.ActiveCfg = Release|Any CPU
		{A2DA59BA-B953-42B9-8CD4-381D30A61B43}.Release|Any CPU.Build.0 = Release|Any CPU
		{6A41EC89-3F62-46A4-96A2-98FFC5BC1975}.Debug|Any CPU.ActiveCfg = Debug|Any CPU
		{6A41EC89-3F62-46A4-96A2-98FFC5BC1975}.Debug|Any CPU.Build.0 = Debug|Any CPU
		{6A41EC89-3F62-46A4-96A2-98FFC5BC1975}.Release|Any CPU.ActiveCfg = Release|Any CPU
		{6A41EC89-3F62-46A4-96A2-98FFC5BC1975}.Release|Any CPU.Build.0 = Release|Any CPU
		{0932A80E-4613-40B9-95F7-44175B1D12B8}.Debug|Any CPU.ActiveCfg = Debug|Any CPU
		{0932A80E-4613-40B9-95F7-44175B1D12B8}.Debug|Any CPU.Build.0 = Debug|Any CPU
		{0932A80E-4613-40B9-95F7-44175B1D12B8}.Release|Any CPU.ActiveCfg = Release|Any CPU
		{0932A80E-4613-40B9-95F7-44175B1D12B8}.Release|Any CPU.Build.0 = Release|Any CPU
		{70C8C9C1-A1A0-4D00-A4CC-440B5F8162FB}.Debug|Any CPU.ActiveCfg = Debug|Any CPU
		{70C8C9C1-A1A0-4D00-A4CC-440B5F8162FB}.Debug|Any CPU.Build.0 = Debug|Any CPU
		{70C8C9C1-A1A0-4D00-A4CC-440B5F8162FB}.Release|Any CPU.ActiveCfg = Release|Any CPU
		{70C8C9C1-A1A0-4D00-A4CC-440B5F8162FB}.Release|Any CPU.Build.0 = Release|Any CPU
		{DB6DCC35-20AB-4433-8808-5958C6C90B6A}.Debug|Any CPU.ActiveCfg = Debug|Any CPU
		{DB6DCC35-20AB-4433-8808-5958C6C90B6A}.Debug|Any CPU.Build.0 = Debug|Any CPU
		{DB6DCC35-20AB-4433-8808-5958C6C90B6A}.Release|Any CPU.ActiveCfg = Release|Any CPU
		{DB6DCC35-20AB-4433-8808-5958C6C90B6A}.Release|Any CPU.Build.0 = Release|Any CPU
	EndGlobalSection
	GlobalSection(SolutionProperties) = preSolution
		HideSolutionNode = FALSE
	EndGlobalSection
	GlobalSection(NestedProjects) = preSolution
		{89D9B351-BE25-47E3-B98D-13225499AF9F} = {7787850C-25E0-464A-B731-F66AB611089C}
		{710597FA-E586-44D1-9A6A-46605C28F31A} = {0D42394F-BD63-4069-A09A-C29F7FD6463C}
		{9B19E312-BC01-4B25-8850-40DBFD046FEF} = {0D42394F-BD63-4069-A09A-C29F7FD6463C}
		{A2DA59BA-B953-42B9-8CD4-381D30A61B43} = {0D42394F-BD63-4069-A09A-C29F7FD6463C}
		{6A41EC89-3F62-46A4-96A2-98FFC5BC1975} = {B68A9C0B-DC9E-4879-BA33-9C508973B21C}
		{0932A80E-4613-40B9-95F7-44175B1D12B8} = {0D42394F-BD63-4069-A09A-C29F7FD6463C}
		{70C8C9C1-A1A0-4D00-A4CC-440B5F8162FB} = {0D42394F-BD63-4069-A09A-C29F7FD6463C}
		{DB6DCC35-20AB-4433-8808-5958C6C90B6A} = {B68A9C0B-DC9E-4879-BA33-9C508973B21C}
	EndGlobalSection
	GlobalSection(ExtensibilityGlobals) = postSolution
		SolutionGuid = {11D081AF-65F6-40C5-9158-98C13A093995}
	EndGlobalSection
EndGlobal
